# $Source: /my/perl/script/kwextract.pl,v$
# $Date: 22-03-1995$
# $mutable: /.brings/system/bin/kwextract.pl$
# $previous: QmU1RDLsAGNPVuwDjKD3RQx7R6aEuQfcmSiubviDZ2XRVC$
# $members: michelc@lausanne , emilea$ 

# $parents: QmRU26t5KP5QLiNbjWMxSbyfaARvzshfdzozj6M4K73auH$
# $qm: z2kXGab6zthT87F8zfEci4Ah7ngKD9VNjagPTHxVnSGzugX$
# $tic: 1579373044$
# $spot: 1550698403$
# $Signature: n/a$

line 1
line 2 with a variable {{mutable}} embedded
line 3

# $Author: michel$
# $next: unknown$

 
